// !$*UTF8*$!
{
	archiveVersion = 1;
	classes = {
	};
	objectVersion = 50;
	objects = {

/* Begin PBXBuildFile section */
		232E9ECE2679094500FFE4E3 /* AppDelegate.swift in Sources */ = {isa = PBXBuildFile; fileRef = 232E9ECD2679094500FFE4E3 /* AppDelegate.swift */; };
		232E9ED02679094500FFE4E3 /* SceneDelegate.swift in Sources */ = {isa = PBXBuildFile; fileRef = 232E9ECF2679094500FFE4E3 /* SceneDelegate.swift */; };
		232E9ED22679094500FFE4E3 /* ViewController.swift in Sources */ = {isa = PBXBuildFile; fileRef = 232E9ED12679094500FFE4E3 /* ViewController.swift */; };
		232E9ED52679094500FFE4E3 /* Main.storyboard in Resources */ = {isa = PBXBuildFile; fileRef = 232E9ED32679094500FFE4E3 /* Main.storyboard */; };
		232E9ED82679094500FFE4E3 /* ToDoPt_3.xcdatamodeld in Sources */ = {isa = PBXBuildFile; fileRef = 232E9ED62679094500FFE4E3 /* ToDoPt_3.xcdatamodeld */; };
		232E9EDA2679094A00FFE4E3 /* Assets.xcassets in Resources */ = {isa = PBXBuildFile; fileRef = 232E9ED92679094A00FFE4E3 /* Assets.xcassets */; };
		232E9EDD2679094A00FFE4E3 /* LaunchScreen.storyboard in Resources */ = {isa = PBXBuildFile; fileRef = 232E9EDB2679094A00FFE4E3 /* LaunchScreen.storyboard */; };
		232E9EE82679094A00FFE4E3 /* ToDoPt_3Tests.swift in Sources */ = {isa = PBXBuildFile; fileRef = 232E9EE72679094A00FFE4E3 /* ToDoPt_3Tests.swift */; };
		232E9EF32679094B00FFE4E3 /* ToDoPt_3UITests.swift in Sources */ = {isa = PBXBuildFile; fileRef = 232E9EF22679094B00FFE4E3 /* ToDoPt_3UITests.swift */; };
/* End PBXBuildFile section */

/* Begin PBXContainerItemProxy section */
		232E9EE42679094A00FFE4E3 /* PBXContainerItemProxy */ = {
			isa = PBXContainerItemProxy;
			containerPortal = 232E9EC22679094500FFE4E3 /* Project object */;
			proxyType = 1;
			remoteGlobalIDString = 232E9EC92679094500FFE4E3;
			remoteInfo = ToDoPt.3;
		};
		232E9EEF2679094B00FFE4E3 /* PBXContainerItemProxy */ = {
			isa = PBXContainerItemProxy;
			containerPortal = 232E9EC22679094500FFE4E3 /* Project object */;
			proxyType = 1;
			remoteGlobalIDString = 232E9EC92679094500FFE4E3;
			remoteInfo = ToDoPt.3;
		};
/* End PBXContainerItemProxy section */

/* Begin PBXFileReference section */
		232E9ECA2679094500FFE4E3 /* ToDoPt.3.app */ = {isa = PBXFileReference; explicitFileType = wrapper.application; includeInIndex = 0; path = ToDoPt.3.app; sourceTree = BUILT_PRODUCTS_DIR; };
		232E9ECD2679094500FFE4E3 /* AppDelegate.swift */ = {isa = PBXFileReference; lastKnownFileType = sourcecode.swift; path = AppDelegate.swift; sourceTree = "<group>"; };
		232E9ECF2679094500FFE4E3 /* SceneDelegate.swift */ = {isa = PBXFileReference; lastKnownFileType = sourcecode.swift; path = SceneDelegate.swift; sourceTree = "<group>"; };
		232E9ED12679094500FFE4E3 /* ViewController.swift */ = {isa = PBXFileReference; lastKnownFileType = sourcecode.swift; path = ViewController.swift; sourceTree = "<group>"; };
		232E9ED42679094500FFE4E3 /* Base */ = {isa = PBXFileReference; lastKnownFileType = file.storyboard; name = Base; path = Base.lproj/Main.storyboard; sourceTree = "<group>"; };
		232E9ED72679094500FFE4E3 /* ToDoPt_3.xcdatamodel */ = {isa = PBXFileReference; lastKnownFileType = wrapper.xcdatamodel; path = ToDoPt_3.xcdatamodel; sourceTree = "<group>"; };
		232E9ED92679094A00FFE4E3 /* Assets.xcassets */ = {isa = PBXFileReference; lastKnownFileType = folder.assetcatalog; path = Assets.xcassets; sourceTree = "<group>"; };
		232E9EDC2679094A00FFE4E3 /* Base */ = {isa = PBXFileReference; lastKnownFileType = file.storyboard; name = Base; path = Base.lproj/LaunchScreen.storyboard; sourceTree = "<group>"; };
		232E9EDE2679094A00FFE4E3 /* Info.plist */ = {isa = PBXFileReference; lastKnownFileType = text.plist.xml; path = Info.plist; sourceTree = "<group>"; };
		232E9EE32679094A00FFE4E3 /* ToDoPt.3Tests.xctest */ = {isa = PBXFileReference; explicitFileType = wrapper.cfbundle; includeInIndex = 0; path = ToDoPt.3Tests.xctest; sourceTree = BUILT_PRODUCTS_DIR; };
		232E9EE72679094A00FFE4E3 /* ToDoPt_3Tests.swift */ = {isa = PBXFileReference; lastKnownFileType = sourcecode.swift; path = ToDoPt_3Tests.swift; sourceTree = "<group>"; };
		232E9EE92679094A00FFE4E3 /* Info.plist */ = {isa = PBXFileReference; lastKnownFileType = text.plist.xml; path = Info.plist; sourceTree = "<group>"; };
		232E9EEE2679094B00FFE4E3 /* ToDoPt.3UITests.xctest */ = {isa = PBXFileReference; explicitFileType = wrapper.cfbundle; includeInIndex = 0; path = ToDoPt.3UITests.xctest; sourceTree = BUILT_PRODUCTS_DIR; };
		232E9EF22679094B00FFE4E3 /* ToDoPt_3UITests.swift */ = {isa = PBXFileReference; lastKnownFileType = sourcecode.swift; path = ToDoPt_3UITests.swift; sourceTree = "<group>"; };
		232E9EF42679094B00FFE4E3 /* Info.plist */ = {isa = PBXFileReference; lastKnownFileType = text.plist.xml; path = Info.plist; sourceTree = "<group>"; };
/* End PBXFileReference section */

/* Begin PBXFrameworksBuildPhase section */
		232E9EC72679094500FFE4E3 /* Frameworks */ = {
			isa = PBXFrameworksBuildPhase;
			buildActionMask = 2147483647;
			files = (
			);
			runOnlyForDeploymentPostprocessing = 0;
		};
		232E9EE02679094A00FFE4E3 /* Frameworks */ = {
			isa = PBXFrameworksBuildPhase;
			buildActionMask = 2147483647;
			files = (
			);
			runOnlyForDeploymentPostprocessing = 0;
		};
		232E9EEB2679094B00FFE4E3 /* Frameworks */ = {
			isa = PBXFrameworksBuildPhase;
			buildActionMask = 2147483647;
			files = (
			);
			runOnlyForDeploymentPostprocessing = 0;
		};
/* End PBXFrameworksBuildPhase section */

/* Begin PBXGroup section */
		232E9EC12679094500FFE4E3 = {
			isa = PBXGroup;
			children = (
				232E9ECC2679094500FFE4E3 /* ToDoPt.3 */,
				232E9EE62679094A00FFE4E3 /* ToDoPt.3Tests */,
				232E9EF12679094B00FFE4E3 /* ToDoPt.3UITests */,
				232E9ECB2679094500FFE4E3 /* Products */,
			);
			sourceTree = "<group>";
		};
		232E9ECB2679094500FFE4E3 /* Products */ = {
			isa = PBXGroup;
			children = (
				232E9ECA2679094500FFE4E3 /* ToDoPt.3.app */,
				232E9EE32679094A00FFE4E3 /* ToDoPt.3Tests.xctest */,
				232E9EEE2679094B00FFE4E3 /* ToDoPt.3UITests.xctest */,
			);
			name = Products;
			sourceTree = "<group>";
		};
		232E9ECC2679094500FFE4E3 /* ToDoPt.3 */ = {
			isa = PBXGroup;
			children = (
				232E9ECD2679094500FFE4E3 /* AppDelegate.swift */,
				232E9ECF2679094500FFE4E3 /* SceneDelegate.swift */,
				232E9ED12679094500FFE4E3 /* ViewController.swift */,
				232E9ED32679094500FFE4E3 /* Main.storyboard */,
				232E9ED92679094A00FFE4E3 /* Assets.xcassets */,
				232E9EDB2679094A00FFE4E3 /* LaunchScreen.storyboard */,
				232E9EDE2679094A00FFE4E3 /* Info.plist */,
				232E9ED62679094500FFE4E3 /* ToDoPt_3.xcdatamodeld */,
			);
			path = ToDoPt.3;
			sourceTree = "<group>";
		};
		232E9EE62679094A00FFE4E3 /* ToDoPt.3Tests */ = {
			isa = PBXGroup;
			children = (
				232E9EE72679094A00FFE4E3 /* ToDoPt_3Tests.swift */,
				232E9EE92679094A00FFE4E3 /* Info.plist */,
			);
			path = ToDoPt.3Tests;
			sourceTree = "<group>";
		};
		232E9EF12679094B00FFE4E3 /* ToDoPt.3UITests */ = {
			isa = PBXGroup;
			children = (
				232E9EF22679094B00FFE4E3 /* ToDoPt_3UITests.swift */,
				232E9EF42679094B00FFE4E3 /* Info.plist */,
			);
			path = ToDoPt.3UITests;
			sourceTree = "<group>";
		};
/* End PBXGroup section */

/* Begin PBXNativeTarget section */
		232E9EC92679094500FFE4E3 /* ToDoPt.3 */ = {
			isa = PBXNativeTarget;
			buildConfigurationList = 232E9EF72679094B00FFE4E3 /* Build configuration list for PBXNativeTarget "ToDoPt.3" */;
			buildPhases = (
				232E9EC62679094500FFE4E3 /* Sources */,
				232E9EC72679094500FFE4E3 /* Frameworks */,
				232E9EC82679094500FFE4E3 /* Resources */,
			);
			buildRules = (
			);
			dependencies = (
			);
			name = ToDoPt.3;
			productName = ToDoPt.3;
			productReference = 232E9ECA2679094500FFE4E3 /* ToDoPt.3.app */;
			productType = "com.apple.product-type.application";
		};
		232E9EE22679094A00FFE4E3 /* ToDoPt.3Tests */ = {
			isa = PBXNativeTarget;
			buildConfigurationList = 232E9EFA2679094B00FFE4E3 /* Build configuration list for PBXNativeTarget "ToDoPt.3Tests" */;
			buildPhases = (
				232E9EDF2679094A00FFE4E3 /* Sources */,
				232E9EE02679094A00FFE4E3 /* Frameworks */,
				232E9EE12679094A00FFE4E3 /* Resources */,
			);
			buildRules = (
			);
			dependencies = (
				232E9EE52679094A00FFE4E3 /* PBXTargetDependency */,
			);
			name = ToDoPt.3Tests;
			productName = ToDoPt.3Tests;
			productReference = 232E9EE32679094A00FFE4E3 /* ToDoPt.3Tests.xctest */;
			productType = "com.apple.product-type.bundle.unit-test";
		};
		232E9EED2679094B00FFE4E3 /* ToDoPt.3UITests */ = {
			isa = PBXNativeTarget;
			buildConfigurationList = 232E9EFD2679094B00FFE4E3 /* Build configuration list for PBXNativeTarget "ToDoPt.3UITests" */;
			buildPhases = (
				232E9EEA2679094B00FFE4E3 /* Sources */,
				232E9EEB2679094B00FFE4E3 /* Frameworks */,
				232E9EEC2679094B00FFE4E3 /* Resources */,
			);
			buildRules = (
			);
			dependencies = (
				232E9EF02679094B00FFE4E3 /* PBXTargetDependency */,
			);
			name = ToDoPt.3UITests;
			productName = ToDoPt.3UITests;
			productReference = 232E9EEE2679094B00FFE4E3 /* ToDoPt.3UITests.xctest */;
			productType = "com.apple.product-type.bundle.ui-testing";
		};
/* End PBXNativeTarget section */

/* Begin PBXProject section */
		232E9EC22679094500FFE4E3 /* Project object */ = {
			isa = PBXProject;
			attributes = {
				LastSwiftUpdateCheck = 1250;
				LastUpgradeCheck = 1250;
				TargetAttributes = {
					232E9EC92679094500FFE4E3 = {
						CreatedOnToolsVersion = 12.5;
					};
					232E9EE22679094A00FFE4E3 = {
						CreatedOnToolsVersion = 12.5;
						TestTargetID = 232E9EC92679094500FFE4E3;
					};
					232E9EED2679094B00FFE4E3 = {
						CreatedOnToolsVersion = 12.5;
						TestTargetID = 232E9EC92679094500FFE4E3;
					};
				};
			};
			buildConfigurationList = 232E9EC52679094500FFE4E3 /* Build configuration list for PBXProject "ToDoPt.3" */;
			compatibilityVersion = "Xcode 9.3";
			developmentRegion = en;
			hasScannedForEncodings = 0;
			knownRegions = (
				en,
				Base,
			);
			mainGroup = 232E9EC12679094500FFE4E3;
			productRefGroup = 232E9ECB2679094500FFE4E3 /* Products */;
			projectDirPath = "";
			projectRoot = "";
			targets = (
				232E9EC92679094500FFE4E3 /* ToDoPt.3 */,
				232E9EE22679094A00FFE4E3 /* ToDoPt.3Tests */,
				232E9EED2679094B00FFE4E3 /* ToDoPt.3UITests */,
			);
		};
/* End PBXProject section */

/* Begin PBXResourcesBuildPhase section */
		232E9EC82679094500FFE4E3 /* Resources */ = {
			isa = PBXResourcesBuildPhase;
			buildActionMask = 2147483647;
			files = (
				232E9EDD2679094A00FFE4E3 /* LaunchScreen.storyboard in Resources */,
				232E9EDA2679094A00FFE4E3 /* Assets.xcassets in Resources */,
				232E9ED52679094500FFE4E3 /* Main.storyboard in Resources */,
			);
			runOnlyForDeploymentPostprocessing = 0;
		};
		232E9EE12679094A00FFE4E3 /* Resources */ = {
			isa = PBXResourcesBuildPhase;
			buildActionMask = 2147483647;
			files = (
			);
			runOnlyForDeploymentPostprocessing = 0;
		};
		232E9EEC2679094B00FFE4E3 /* Resources */ = {
			isa = PBXResourcesBuildPhase;
			buildActionMask = 2147483647;
			files = (
			);
			runOnlyForDeploymentPostprocessing = 0;
		};
/* End PBXResourcesBuildPhase section */

/* Begin PBXSourcesBuildPhase section */
		232E9EC62679094500FFE4E3 /* Sources */ = {
			isa = PBXSourcesBuildPhase;
			buildActionMask = 2147483647;
			files = (
				232E9ED22679094500FFE4E3 /* ViewController.swift in Sources */,
				232E9ED82679094500FFE4E3 /* ToDoPt_3.xcdatamodeld in Sources */,
				232E9ECE2679094500FFE4E3 /* AppDelegate.swift in Sources */,
				232E9ED02679094500FFE4E3 /* SceneDelegate.swift in Sources */,
			);
			runOnlyForDeploymentPostprocessing = 0;
		};
		232E9EDF2679094A00FFE4E3 /* Sources */ = {
			isa = PBXSourcesBuildPhase;
			buildActionMask = 2147483647;
			files = (
				232E9EE82679094A00FFE4E3 /* ToDoPt_3Tests.swift in Sources */,
			);
			runOnlyForDeploymentPostprocessing = 0;
		};
		232E9EEA2679094B00FFE4E3 /* Sources */ = {
			isa = PBXSourcesBuildPhase;
			buildActionMask = 2147483647;
			files = (
				232E9EF32679094B00FFE4E3 /* ToDoPt_3UITests.swift in Sources */,
			);
			runOnlyForDeploymentPostprocessing = 0;
		};
/* End PBXSourcesBuildPhase section */

/* Begin PBXTargetDependency section */
		232E9EE52679094A00FFE4E3 /* PBXTargetDependency */ = {
			isa = PBXTargetDependency;
			target = 232E9EC92679094500FFE4E3 /* ToDoPt.3 */;
			targetProxy = 232E9EE42679094A00FFE4E3 /* PBXContainerItemProxy */;
		};
		232E9EF02679094B00FFE4E3 /* PBXTargetDependency */ = {
			isa = PBXTargetDependency;
			target = 232E9EC92679094500FFE4E3 /* ToDoPt.3 */;
			targetProxy = 232E9EEF2679094B00FFE4E3 /* PBXContainerItemProxy */;
		};
/* End PBXTargetDependency section */

/* Begin PBXVariantGroup section */
		232E9ED32679094500FFE4E3 /* Main.storyboard */ = {
			isa = PBXVariantGroup;
			children = (
				232E9ED42679094500FFE4E3 /* Base */,
			);
			name = Main.storyboard;
			sourceTree = "<group>";
		};
		232E9EDB2679094A00FFE4E3 /* LaunchScreen.storyboard */ = {
			isa = PBXVariantGroup;
			children = (
				232E9EDC2679094A00FFE4E3 /* Base */,
			);
			name = LaunchScreen.storyboard;
			sourceTree = "<group>";
		};
/* End PBXVariantGroup section */

/* Begin XCBuildConfiguration section */
		232E9EF52679094B00FFE4E3 /* Debug */ = {
			isa = XCBuildConfiguration;
			buildSettings = {
				ALWAYS_SEARCH_USER_PATHS = NO;
				CLANG_ANALYZER_NONNULL = YES;
				CLANG_ANALYZER_NUMBER_OBJECT_CONVERSION = YES_AGGRESSIVE;
				CLANG_CXX_LANGUAGE_STANDARD = "gnu++14";
				CLANG_CXX_LIBRARY = "libc++";
				CLANG_ENABLE_MODULES = YES;
				CLANG_ENABLE_OBJC_ARC = YES;
				CLANG_ENABLE_OBJC_WEAK = YES;
				CLANG_WARN_BLOCK_CAPTURE_AUTORELEASING = YES;
				CLANG_WARN_BOOL_CONVERSION = YES;
				CLANG_WARN_COMMA = YES;
				CLANG_WARN_CONSTANT_CONVERSION = YES;
				CLANG_WARN_DEPRECATED_OBJC_IMPLEMENTATIONS = YES;
				CLANG_WARN_DIRECT_OBJC_ISA_USAGE = YES_ERROR;
				CLANG_WARN_DOCUMENTATION_COMMENTS = YES;
				CLANG_WARN_EMPTY_BODY = YES;
				CLANG_WARN_ENUM_CONVERSION = YES;
				CLANG_WARN_INFINITE_RECURSION = YES;
				CLANG_WARN_INT_CONVERSION = YES;
				CLANG_WARN_NON_LITERAL_NULL_CONVERSION = YES;
				CLANG_WARN_OBJC_IMPLICIT_RETAIN_SELF = YES;
				CLANG_WARN_OBJC_LITERAL_CONVERSION = YES;
				CLANG_WARN_OBJC_ROOT_CLASS = YES_ERROR;
				CLANG_WARN_QUOTED_INCLUDE_IN_FRAMEWORK_HEADER = YES;
				CLANG_WARN_RANGE_LOOP_ANALYSIS = YES;
				CLANG_WARN_STRICT_PROTOTYPES = YES;
				CLANG_WARN_SUSPICIOUS_MOVE = YES;
				CLANG_WARN_UNGUARDED_AVAILABILITY = YES_AGGRESSIVE;
				CLANG_WARN_UNREACHABLE_CODE = YES;
				CLANG_WARN__DUPLICATE_METHOD_MATCH = YES;
				COPY_PHASE_STRIP = NO;
				DEBUG_INFORMATION_FORMAT = dwarf;
				ENABLE_STRICT_OBJC_MSGSEND = YES;
				ENABLE_TESTABILITY = YES;
				GCC_C_LANGUAGE_STANDARD = gnu11;
				GCC_DYNAMIC_NO_PIC = NO;
				GCC_NO_COMMON_BLOCKS = YES;
				GCC_OPTIMIZATION_LEVEL = 0;
				GCC_PREPROCESSOR_DEFINITIONS = (
					"DEBUG=1",
					"$(inherited)",
				);
				GCC_WARN_64_TO_32_BIT_CONVERSION = YES;
				GCC_WARN_ABOUT_RETURN_TYPE = YES_ERROR;
				GCC_WARN_UNDECLARED_SELECTOR = YES;
				GCC_WARN_UNINITIALIZED_AUTOS = YES_AGGRESSIVE;
				GCC_WARN_UNUSED_FUNCTION = YES;
				GCC_WARN_UNUSED_VARIABLE = YES;
				IPHONEOS_DEPLOYMENT_TARGET = 14.5;
				MTL_ENABLE_DEBUG_INFO = INCLUDE_SOURCE;
				MTL_FAST_MATH = YES;
				ONLY_ACTIVE_ARCH = YES;
				SDKROOT = iphoneos;
				SWIFT_ACTIVE_COMPILATION_CONDITIONS = DEBUG;
				SWIFT_OPTIMIZATION_LEVEL = "-Onone";
			};
			name = Debug;
		};
		232E9EF62679094B00FFE4E3 /* Release */ = {
			isa = XCBuildConfiguration;
			buildSettings = {
				ALWAYS_SEARCH_USER_PATHS = NO;
				CLANG_ANALYZER_NONNULL = YES;
				CLANG_ANALYZER_NUMBER_OBJECT_CONVERSION = YES_AGGRESSIVE;
				CLANG_CXX_LANGUAGE_STANDARD = "gnu++14";
				CLANG_CXX_LIBRARY = "libc++";
				CLANG_ENABLE_MODULES = YES;
				CLANG_ENABLE_OBJC_ARC = YES;
				CLANG_ENABLE_OBJC_WEAK = YES;
				CLANG_WARN_BLOCK_CAPTURE_AUTORELEASING = YES;
				CLANG_WARN_BOOL_CONVERSION = YES;
				CLANG_WARN_COMMA = YES;
				CLANG_WARN_CONSTANT_CONVERSION = YES;
				CLANG_WARN_DEPRECATED_OBJC_IMPLEMENTATIONS = YES;
				CLANG_WARN_DIRECT_OBJC_ISA_USAGE = YES_ERROR;
				CLANG_WARN_DOCUMENTATION_COMMENTS = YES;
				CLANG_WARN_EMPTY_BODY = YES;
				CLANG_WARN_ENUM_CONVERSION = YES;
				CLANG_WARN_INFINITE_RECURSION = YES;
				CLANG_WARN_INT_CONVERSION = YES;
				CLANG_WARN_NON_LITERAL_NULL_CONVERSION = YES;
				CLANG_WARN_OBJC_IMPLICIT_RETAIN_SELF = YES;
				CLANG_WARN_OBJC_LITERAL_CONVERSION = YES;
				CLANG_WARN_OBJC_ROOT_CLASS = YES_ERROR;
				CLANG_WARN_QUOTED_INCLUDE_IN_FRAMEWORK_HEADER = YES;
				CLANG_WARN_RANGE_LOOP_ANALYSIS = YES;
				CLANG_WARN_STRICT_PROTOTYPES = YES;
				CLANG_WARN_SUSPICIOUS_MOVE = YES;
				CLANG_WARN_UNGUARDED_AVAILABILITY = YES_AGGRESSIVE;
				CLANG_WARN_UNREACHABLE_CODE = YES;
				CLANG_WARN__DUPLICATE_METHOD_MATCH = YES;
				COPY_PHASE_STRIP = NO;
				DEBUG_INFORMATION_FORMAT = "dwarf-with-dsym";
				ENABLE_NS_ASSERTIONS = NO;
				ENABLE_STRICT_OBJC_MSGSEND = YES;
				GCC_C_LANGUAGE_STANDARD = gnu11;
				GCC_NO_COMMON_BLOCKS = YES;
				GCC_WARN_64_TO_32_BIT_CONVERSION = YES;
				GCC_WARN_ABOUT_RETURN_TYPE = YES_ERROR;
				GCC_WARN_UNDECLARED_SELECTOR = YES;
				GCC_WARN_UNINITIALIZED_AUTOS = YES_AGGRESSIVE;
				GCC_WARN_UNUSED_FUNCTION = YES;
				GCC_WARN_UNUSED_VARIABLE = YES;
				IPHONEOS_DEPLOYMENT_TARGET = 14.5;
				MTL_ENABLE_DEBUG_INFO = NO;
				MTL_FAST_MATH = YES;
				SDKROOT = iphoneos;
				SWIFT_COMPILATION_MODE = wholemodule;
				SWIFT_OPTIMIZATION_LEVEL = "-O";
				VALIDATE_PRODUCT = YES;
			};
			name = Release;
		};
		232E9EF82679094B00FFE4E3 /* Debug */ = {
			isa = XCBuildConfiguration;
			buildSettings = {
				ASSETCATALOG_COMPILER_APPICON_NAME = AppIcon;
				ASSETCATALOG_COMPILER_GLOBAL_ACCENT_COLOR_NAME = AccentColor;
				CODE_SIGN_STYLE = Automatic;
				INFOPLIST_FILE = ToDoPt.3/Info.plist;
				LD_RUNPATH_SEARCH_PATHS = (
					"$(inherited)",
					"@executable_path/Frameworks",
				);
				PRODUCT_BUNDLE_IDENTIFIER = "com.example.ToDoPt-3";
				PRODUCT_NAME = "$(TARGET_NAME)";
				SWIFT_VERSION = 5.0;
				TARGETED_DEVICE_FAMILY = "1,2";
			};
			name = Debug;
		};
		232E9EF92679094B00FFE4E3 /* Release */ = {
			isa = XCBuildConfiguration;
			buildSettings = {
				ASSETCATALOG_COMPILER_APPICON_NAME = AppIcon;
				ASSETCATALOG_COMPILER_GLOBAL_ACCENT_COLOR_NAME = AccentColor;
				CODE_SIGN_STYLE = Automatic;
				INFOPLIST_FILE = ToDoPt.3/Info.plist;
				LD_RUNPATH_SEARCH_PATHS = (
					"$(inherited)",
					"@executable_path/Frameworks",
				);
				PRODUCT_BUNDLE_IDENTIFIER = "com.example.ToDoPt-3";
				PRODUCT_NAME = "$(TARGET_NAME)";
				SWIFT_VERSION = 5.0;
				TARGETED_DEVICE_FAMILY = "1,2";
			};
			name = Release;
		};
		232E9EFB2679094B00FFE4E3 /* Debug */ = {
			isa = XCBuildConfiguration;
			buildSettings = {
				ALWAYS_EMBED_SWIFT_STANDARD_LIBRARIES = YES;
				BUNDLE_LOADER = "$(TEST_HOST)";
				CODE_SIGN_STYLE = Automatic;
				INFOPLIST_FILE = ToDoPt.3Tests/Info.plist;
				IPHONEOS_DEPLOYMENT_TARGET = 14.5;
				LD_RUNPATH_SEARCH_PATHS = (
					"$(inherited)",
					"@executable_path/Frameworks",
					"@loader_path/Frameworks",
				);
				PRODUCT_BUNDLE_IDENTIFIER = "com.example.ToDoPt-3Tests";
				PRODUCT_NAME = "$(TARGET_NAME)";
				SWIFT_VERSION = 5.0;
				TARGETED_DEVICE_FAMILY = "1,2";
				TEST_HOST = "$(BUILT_PRODUCTS_DIR)/ToDoPt.3.app/ToDoPt.3";
			};
			name = Debug;
		};
		232E9EFC2679094B00FFE4E3 /* Release */ = {
			isa = XCBuildConfiguration;
			buildSettings = {
				ALWAYS_EMBED_SWIFT_STANDARD_LIBRARIES = YES;
				BUNDLE_LOADER = "$(TEST_HOST)";
				CODE_SIGN_STYLE = Automatic;
				INFOPLIST_FILE = ToDoPt.3Tests/Info.plist;
				IPHONEOS_DEPLOYMENT_TARGET = 14.5;
				LD_RUNPATH_SEARCH_PATHS = (
					"$(inherited)",
					"@executable_path/Frameworks",
					"@loader_path/Frameworks",
				);
				PRODUCT_BUNDLE_IDENTIFIER = "com.example.ToDoPt-3Tests";
				PRODUCT_NAME = "$(TARGET_NAME)";
				SWIFT_VERSION = 5.0;
				TARGETED_DEVICE_FAMILY = "1,2";
				TEST_HOST = "$(BUILT_PRODUCTS_DIR)/ToDoPt.3.app/ToDoPt.3";
			};
			name = Release;
		};
		232E9EFE2679094B00FFE4E3 /* Debug */ = {
			isa = XCBuildConfiguration;
			buildSettings = {
				ALWAYS_EMBED_SWIFT_STANDARD_LIBRARIES = YES;
				CODE_SIGN_STYLE = Automatic;
				INFOPLIST_FILE = ToDoPt.3UITests/Info.plist;
				LD_RUNPATH_SEARCH_PATHS = (
					"$(inherited)",
					"@executable_path/Frameworks",
					"@loader_path/Frameworks",
				);
				PRODUCT_BUNDLE_IDENTIFIER = "com.example.ToDoPt-3UITests";
				PRODUCT_NAME = "$(TARGET_NAME)";
				SWIFT_VERSION = 5.0;
				TARGETED_DEVICE_FAMILY = "1,2";
				TEST_TARGET_NAME = ToDoPt.3;
			};
			name = Debug;
		};
		232E9EFF2679094B00FFE4E3 /* Release */ = {
			isa = XCBuildConfiguration;
			buildSettings = {
				ALWAYS_EMBED_SWIFT_STANDARD_LIBRARIES = YES;
				CODE_SIGN_STYLE = Automatic;
				INFOPLIST_FILE = ToDoPt.3UITests/Info.plist;
				LD_RUNPATH_SEARCH_PATHS = (
					"$(inherited)",
					"@executable_path/Frameworks",
					"@loader_path/Frameworks",
				);
				PRODUCT_BUNDLE_IDENTIFIER = "com.example.ToDoPt-3UITests";
				PRODUCT_NAME = "$(TARGET_NAME)";
				SWIFT_VERSION = 5.0;
				TARGETED_DEVICE_FAMILY = "1,2";
				TEST_TARGET_NAME = ToDoPt.3;
			};
			name = Release;
		};
/* End XCBuildConfiguration section */

/* Begin XCConfigurationList section */
		232E9EC52679094500FFE4E3 /* Build configuration list for PBXProject "ToDoPt.3" */ = {
			isa = XCConfigurationList;
			buildConfigurations = (
				232E9EF52679094B00FFE4E3 /* Debug */,
				232E9EF62679094B00FFE4E3 /* Release */,
			);
			defaultConfigurationIsVisible = 0;
			defaultConfigurationName = Release;
		};
		232E9EF72679094B00FFE4E3 /* Build configuration list for PBXNativeTarget "ToDoPt.3" */ = {
			isa = XCConfigurationList;
			buildConfigurations = (
				232E9EF82679094B00FFE4E3 /* Debug */,
				232E9EF92679094B00FFE4E3 /* Release */,
			);
			defaultConfigurationIsVisible = 0;
			defaultConfigurationName = Release;
		};
		232E9EFA2679094B00FFE4E3 /* Build configuration list for PBXNativeTarget "ToDoPt.3Tests" */ = {
			isa = XCConfigurationList;
			buildConfigurations = (
				232E9EFB2679094B00FFE4E3 /* Debug */,
				232E9EFC2679094B00FFE4E3 /* Release */,
			);
			defaultConfigurationIsVisible = 0;
			defaultConfigurationName = Release;
		};
		232E9EFD2679094B00FFE4E3 /* Build configuration list for PBXNativeTarget "ToDoPt.3UITests" */ = {
			isa = XCConfigurationList;
			buildConfigurations = (
				232E9EFE2679094B00FFE4E3 /* Debug */,
				232E9EFF2679094B00FFE4E3 /* Release */,
			);
			defaultConfigurationIsVisible = 0;
			defaultConfigurationName = Release;
		};
/* End XCConfigurationList section */

/* Begin XCVersionGroup section */
		232E9ED62679094500FFE4E3 /* ToDoPt_3.xcdatamodeld */ = {
			isa = XCVersionGroup;
			children = (
				232E9ED72679094500FFE4E3 /* ToDoPt_3.xcdatamodel */,
			);
			currentVersion = 232E9ED72679094500FFE4E3 /* ToDoPt_3.xcdatamodel */;
			path = ToDoPt_3.xcdatamodeld;
			sourceTree = "<group>";
			versionGroupType = wrapper.xcdatamodel;
		};
/* End XCVersionGroup section */
	};
	rootObject = 232E9EC22679094500FFE4E3 /* Project object */;
}
